
Microsoft Visual Studio Solution File, Format Version 12.00
# Visual Studio 14
VisualStudioVersion = 14.0.25420.1
MinimumVisualStudioVersion = 10.0.40219.1
Project("{FAE04EC0-301F-11D3-BF4B-00C04F79EFBC}") = "SGE.Web", "SGE.Web\SGE.Web.csproj", "{53B5CD1D-4C25-4548-AAEB-B50028BFA29C}"
EndProject
Project("{FAE04EC0-301F-11D3-BF4B-00C04F79EFBC}") = "SGE.Tests", "SGE.Tests\SGE.Tests.csproj", "{C33CC2A7-0BDD-4EF4-A3C7-D44279DFBA37}"
EndProject
Project("{FAE04EC0-301F-11D3-BF4B-00C04F79EFBC}") = "SGE.Entidades", "SGE.Entidades\SGE.Entidades.csproj", "{943DDEFD-ADE3-4A8C-9CFA-5BCEF9A624F1}"
EndProject
Project("{FAE04EC0-301F-11D3-BF4B-00C04F79EFBC}") = "SGE.Datos", "SGE.Datos\SGE.Datos.csproj", "{5F66EF73-C62D-4FD4-BD13-462EA37A86BD}"
EndProject
Project("{FAE04EC0-301F-11D3-BF4B-00C04F79EFBC}") = "SGE.Core", "SGE.Core\SGE.Core.csproj", "{460EBD10-8EB3-47A7-9B87-400482115396}"
EndProject
Global
	GlobalSection(SolutionConfigurationPlatforms) = preSolution
		Debug|Any CPU = Debug|Any CPU
		Release|Any CPU = Release|Any CPU
	EndGlobalSection
	GlobalSection(ProjectConfigurationPlatforms) = postSolution
		{53B5CD1D-4C25-4548-AAEB-B50028BFA29C}.Debug|Any CPU.ActiveCfg = Debug|Any CPU
		{53B5CD1D-4C25-4548-AAEB-B50028BFA29C}.Debug|Any CPU.Build.0 = Debug|Any CPU
		{53B5CD1D-4C25-4548-AAEB-B50028BFA29C}.Release|Any CPU.ActiveCfg = Release|Any CPU
		{53B5CD1D-4C25-4548-AAEB-B50028BFA29C}.Release|Any CPU.Build.0 = Release|Any CPU
		{C33CC2A7-0BDD-4EF4-A3C7-D44279DFBA37}.Debug|Any CPU.ActiveCfg = Debug|Any CPU
		{C33CC2A7-0BDD-4EF4-A3C7-D44279DFBA37}.Debug|Any CPU.Build.0 = Debug|Any CPU
		{C33CC2A7-0BDD-4EF4-A3C7-D44279DFBA37}.Release|Any CPU.ActiveCfg = Release|Any CPU
		{C33CC2A7-0BDD-4EF4-A3C7-D44279DFBA37}.Release|Any CPU.Build.0 = Release|Any CPU
		{943DDEFD-ADE3-4A8C-9CFA-5BCEF9A624F1}.Debug|Any CPU.ActiveCfg = Debug|Any CPU
		{943DDEFD-ADE3-4A8C-9CFA-5BCEF9A624F1}.Debug|Any CPU.Build.0 = Debug|Any CPU
		{943DDEFD-ADE3-4A8C-9CFA-5BCEF9A624F1}.Release|Any CPU.ActiveCfg = Release|Any CPU
		{943DDEFD-ADE3-4A8C-9CFA-5BCEF9A624F1}.Release|Any CPU.Build.0 = Release|Any CPU
		{5F66EF73-C62D-4FD4-BD13-462EA37A86BD}.Debug|Any CPU.ActiveCfg = Debug|Any CPU
		{5F66EF73-C62D-4FD4-BD13-462EA37A86BD}.Debug|Any CPU.Build.0 = Debug|Any CPU
		{5F66EF73-C62D-4FD4-BD13-462EA37A86BD}.Release|Any CPU.ActiveCfg = Release|Any CPU
		{5F66EF73-C62D-4FD4-BD13-462EA37A86BD}.Release|Any CPU.Build.0 = Release|Any CPU
		{460EBD10-8EB3-47A7-9B87-400482115396}.Debug|Any CPU.ActiveCfg = Debug|Any CPU
		{460EBD10-8EB3-47A7-9B87-400482115396}.Debug|Any CPU.Build.0 = Debug|Any CPU
		{460EBD10-8EB3-47A7-9B87-400482115396}.Release|Any CPU.ActiveCfg = Release|Any CPU
		{460EBD10-8EB3-47A7-9B87-400482115396}.Release|Any CPU.Build.0 = Release|Any CPU
	EndGlobalSection
	GlobalSection(SolutionProperties) = preSolution
		HideSolutionNode = FALSE
	EndGlobalSection
EndGlobal
